
Microsoft Visual Studio Solution File, Format Version 12.00
# Visual Studio 15
VisualStudioVersion = 15.0.28307.271
MinimumVisualStudioVersion = 10.0.40219.1
Project("{FAE04EC0-301F-11D3-BF4B-00C04F79EFBC}") = "WebBanHang", "WebBanHang\WebBanHang.csproj", "{69A5A0BC-A3BF-4DD1-9009-9069F68D6B8F}"
EndProject
Project("{FAE04EC0-301F-11D3-BF4B-00C04F79EFBC}") = "Model", "Model\Model.csproj", "{69C57BC0-9CDB-4F87-BB02-A206DDC46A68}"
EndProject
Project("{FAE04EC0-301F-11D3-BF4B-00C04F79EFBC}") = "Common", "Common\Common.csproj", "{DAFB09E3-D47E-49D2-9EB7-867CCCFAAE70}"
EndProject
Global
	GlobalSection(SolutionConfigurationPlatforms) = preSolution
		Debug|Any CPU = Debug|Any CPU
		Release|Any CPU = Release|Any CPU
	EndGlobalSection
	GlobalSection(ProjectConfigurationPlatforms) = postSolution
		{69A5A0BC-A3BF-4DD1-9009-9069F68D6B8F}.Debug|Any CPU.ActiveCfg = Debug|Any CPU
		{69A5A0BC-A3BF-4DD1-9009-9069F68D6B8F}.Debug|Any CPU.Build.0 = Debug|Any CPU
		{69A5A0BC-A3BF-4DD1-9009-9069F68D6B8F}.Release|Any CPU.ActiveCfg = Release|Any CPU
		{69A5A0BC-A3BF-4DD1-9009-9069F68D6B8F}.Release|Any CPU.Build.0 = Release|Any CPU
		{69C57BC0-9CDB-4F87-BB02-A206DDC46A68}.Debug|Any CPU.ActiveCfg = Debug|Any CPU
		{69C57BC0-9CDB-4F87-BB02-A206DDC46A68}.Debug|Any CPU.Build.0 = Debug|Any CPU
		{69C57BC0-9CDB-4F87-BB02-A206DDC46A68}.Release|Any CPU.ActiveCfg = Release|Any CPU
		{69C57BC0-9CDB-4F87-BB02-A206DDC46A68}.Release|Any CPU.Build.0 = Release|Any CPU
		{DAFB09E3-D47E-49D2-9EB7-867CCCFAAE70}.Debug|Any CPU.ActiveCfg = Debug|Any CPU
		{DAFB09E3-D47E-49D2-9EB7-867CCCFAAE70}.Debug|Any CPU.Build.0 = Debug|Any CPU
		{DAFB09E3-D47E-49D2-9EB7-867CCCFAAE70}.Release|Any CPU.ActiveCfg = Release|Any CPU
		{DAFB09E3-D47E-49D2-9EB7-867CCCFAAE70}.Release|Any CPU.Build.0 = Release|Any CPU
	EndGlobalSection
	GlobalSection(SolutionProperties) = preSolution
		HideSolutionNode = FALSE
	EndGlobalSection
	GlobalSection(ExtensibilityGlobals) = postSolution
		SolutionGuid = {5DDB7EF7-09ED-4FAA-96B4-D113E4E66B7E}
	EndGlobalSection
EndGlobal
